// !$*UTF8*$!
{
	archiveVersion = 1;
	classes = {
	};
	objectVersion = 46;
	objects = {

/* Begin PBXBuildFile section */
		8E1F977B1EB106F100153A50 /* AppDelegate.swift in Sources */ = {isa = PBXBuildFile; fileRef = 8E1F977A1EB106F100153A50 /* AppDelegate.swift */; };
		8E1F977D1EB106F100153A50 /* ViewController.swift in Sources */ = {isa = PBXBuildFile; fileRef = 8E1F977C1EB106F100153A50 /* ViewController.swift */; };
		8E1F97801EB106F100153A50 /* Main.storyboard in Resources */ = {isa = PBXBuildFile; fileRef = 8E1F977E1EB106F100153A50 /* Main.storyboard */; };
		8E1F97821EB106F100153A50 /* Assets.xcassets in Resources */ = {isa = PBXBuildFile; fileRef = 8E1F97811EB106F100153A50 /* Assets.xcassets */; };
		8E1F97851EB106F100153A50 /* LaunchScreen.storyboard in Resources */ = {isa = PBXBuildFile; fileRef = 8E1F97831EB106F100153A50 /* LaunchScreen.storyboard */; };
		8E1F97901EB106F100153A50 /* courseTests.swift in Sources */ = {isa = PBXBuildFile; fileRef = 8E1F978F1EB106F100153A50 /* courseTests.swift */; };
		8E1F979B1EB106F100153A50 /* courseUITests.swift in Sources */ = {isa = PBXBuildFile; fileRef = 8E1F979A1EB106F100153A50 /* courseUITests.swift */; };
/* End PBXBuildFile section */

/* Begin PBXContainerItemProxy section */
		8E1F978C1EB106F100153A50 /* PBXContainerItemProxy */ = {
			isa = PBXContainerItemProxy;
			containerPortal = 8E1F976F1EB106F100153A50 /* Project object */;
			proxyType = 1;
			remoteGlobalIDString = 8E1F97761EB106F100153A50;
			remoteInfo = course;
		};
		8E1F97971EB106F100153A50 /* PBXContainerItemProxy */ = {
			isa = PBXContainerItemProxy;
			containerPortal = 8E1F976F1EB106F100153A50 /* Project object */;
			proxyType = 1;
			remoteGlobalIDString = 8E1F97761EB106F100153A50;
			remoteInfo = course;
		};
/* End PBXContainerItemProxy section */

/* Begin PBXFileReference section */
		8E1F97771EB106F100153A50 /* course.app */ = {isa = PBXFileReference; explicitFileType = wrapper.application; includeInIndex = 0; path = course.app; sourceTree = BUILT_PRODUCTS_DIR; };
		8E1F977A1EB106F100153A50 /* AppDelegate.swift */ = {isa = PBXFileReference; lastKnownFileType = sourcecode.swift; path = AppDelegate.swift; sourceTree = "<group>"; };
		8E1F977C1EB106F100153A50 /* ViewController.swift */ = {isa = PBXFileReference; lastKnownFileType = sourcecode.swift; path = ViewController.swift; sourceTree = "<group>"; };
		8E1F977F1EB106F100153A50 /* Base */ = {isa = PBXFileReference; lastKnownFileType = file.storyboard; name = Base; path = Base.lproj/Main.storyboard; sourceTree = "<group>"; };
		8E1F97811EB106F100153A50 /* Assets.xcassets */ = {isa = PBXFileReference; lastKnownFileType = folder.assetcatalog; path = Assets.xcassets; sourceTree = "<group>"; };
		8E1F97841EB106F100153A50 /* Base */ = {isa = PBXFileReference; lastKnownFileType = file.storyboard; name = Base; path = Base.lproj/LaunchScreen.storyboard; sourceTree = "<group>"; };
		8E1F97861EB106F100153A50 /* Info.plist */ = {isa = PBXFileReference; lastKnownFileType = text.plist.xml; path = Info.plist; sourceTree = "<group>"; };
		8E1F978B1EB106F100153A50 /* courseTests.xctest */ = {isa = PBXFileReference; explicitFileType = wrapper.cfbundle; includeInIndex = 0; path = courseTests.xctest; sourceTree = BUILT_PRODUCTS_DIR; };
		8E1F978F1EB106F100153A50 /* courseTests.swift */ = {isa = PBXFileReference; lastKnownFileType = sourcecode.swift; path = courseTests.swift; sourceTree = "<group>"; };
		8E1F97911EB106F100153A50 /* Info.plist */ = {isa = PBXFileReference; lastKnownFileType = text.plist.xml; path = Info.plist; sourceTree = "<group>"; };
		8E1F97961EB106F100153A50 /* courseUITests.xctest */ = {isa = PBXFileReference; explicitFileType = wrapper.cfbundle; includeInIndex = 0; path = courseUITests.xctest; sourceTree = BUILT_PRODUCTS_DIR; };
		8E1F979A1EB106F100153A50 /* courseUITests.swift */ = {isa = PBXFileReference; lastKnownFileType = sourcecode.swift; path = courseUITests.swift; sourceTree = "<group>"; };
		8E1F979C1EB106F100153A50 /* Info.plist */ = {isa = PBXFileReference; lastKnownFileType = text.plist.xml; path = Info.plist; sourceTree = "<group>"; };
/* End PBXFileReference section */

/* Begin PBXFrameworksBuildPhase section */
		8E1F97741EB106F100153A50 /* Frameworks */ = {
			isa = PBXFrameworksBuildPhase;
			buildActionMask = 2147483647;
			files = (
			);
			runOnlyForDeploymentPostprocessing = 0;
		};
		8E1F97881EB106F100153A50 /* Frameworks */ = {
			isa = PBXFrameworksBuildPhase;
			buildActionMask = 2147483647;
			files = (
			);
			runOnlyForDeploymentPostprocessing = 0;
		};
		8E1F97931EB106F100153A50 /* Frameworks */ = {
			isa = PBXFrameworksBuildPhase;
			buildActionMask = 2147483647;
			files = (
			);
			runOnlyForDeploymentPostprocessing = 0;
		};
/* End PBXFrameworksBuildPhase section */

/* Begin PBXGroup section */
		8E1F976E1EB106F100153A50 = {
			isa = PBXGroup;
			children = (
				8E1F97791EB106F100153A50 /* course */,
				8E1F978E1EB106F100153A50 /* courseTests */,
				8E1F97991EB106F100153A50 /* courseUITests */,
				8E1F97781EB106F100153A50 /* Products */,
			);
			sourceTree = "<group>";
		};
		8E1F97781EB106F100153A50 /* Products */ = {
			isa = PBXGroup;
			children = (
				8E1F97771EB106F100153A50 /* course.app */,
				8E1F978B1EB106F100153A50 /* courseTests.xctest */,
				8E1F97961EB106F100153A50 /* courseUITests.xctest */,
			);
			name = Products;
			sourceTree = "<group>";
		};
		8E1F97791EB106F100153A50 /* course */ = {
			isa = PBXGroup;
			children = (
				8E1F977A1EB106F100153A50 /* AppDelegate.swift */,
				8E1F977C1EB106F100153A50 /* ViewController.swift */,
				8E1F977E1EB106F100153A50 /* Main.storyboard */,
				8E1F97811EB106F100153A50 /* Assets.xcassets */,
				8E1F97831EB106F100153A50 /* LaunchScreen.storyboard */,
				8E1F97861EB106F100153A50 /* Info.plist */,
			);
			path = course;
			sourceTree = "<group>";
		};
		8E1F978E1EB106F100153A50 /* courseTests */ = {
			isa = PBXGroup;
			children = (
				8E1F978F1EB106F100153A50 /* courseTests.swift */,
				8E1F97911EB106F100153A50 /* Info.plist */,
			);
			path = courseTests;
			sourceTree = "<group>";
		};
		8E1F97991EB106F100153A50 /* courseUITests */ = {
			isa = PBXGroup;
			children = (
				8E1F979A1EB106F100153A50 /* courseUITests.swift */,
				8E1F979C1EB106F100153A50 /* Info.plist */,
			);
			path = courseUITests;
			sourceTree = "<group>";
		};
/* End PBXGroup section */

/* Begin PBXNativeTarget section */
		8E1F97761EB106F100153A50 /* course */ = {
			isa = PBXNativeTarget;
			buildConfigurationList = 8E1F979F1EB106F100153A50 /* Build configuration list for PBXNativeTarget "course" */;
			buildPhases = (
				8E1F97731EB106F100153A50 /* Sources */,
				8E1F97741EB106F100153A50 /* Frameworks */,
				8E1F97751EB106F100153A50 /* Resources */,
			);
			buildRules = (
			);
			dependencies = (
			);
			name = course;
			productName = course;
			productReference = 8E1F97771EB106F100153A50 /* course.app */;
			productType = "com.apple.product-type.application";
		};
		8E1F978A1EB106F100153A50 /* courseTests */ = {
			isa = PBXNativeTarget;
			buildConfigurationList = 8E1F97A21EB106F100153A50 /* Build configuration list for PBXNativeTarget "courseTests" */;
			buildPhases = (
				8E1F97871EB106F100153A50 /* Sources */,
				8E1F97881EB106F100153A50 /* Frameworks */,
				8E1F97891EB106F100153A50 /* Resources */,
			);
			buildRules = (
			);
			dependencies = (
				8E1F978D1EB106F100153A50 /* PBXTargetDependency */,
			);
			name = courseTests;
			productName = courseTests;
			productReference = 8E1F978B1EB106F100153A50 /* courseTests.xctest */;
			productType = "com.apple.product-type.bundle.unit-test";
		};
		8E1F97951EB106F100153A50 /* courseUITests */ = {
			isa = PBXNativeTarget;
			buildConfigurationList = 8E1F97A51EB106F100153A50 /* Build configuration list for PBXNativeTarget "courseUITests" */;
			buildPhases = (
				8E1F97921EB106F100153A50 /* Sources */,
				8E1F97931EB106F100153A50 /* Frameworks */,
				8E1F97941EB106F100153A50 /* Resources */,
			);
			buildRules = (
			);
			dependencies = (
				8E1F97981EB106F100153A50 /* PBXTargetDependency */,
			);
			name = courseUITests;
			productName = courseUITests;
			productReference = 8E1F97961EB106F100153A50 /* courseUITests.xctest */;
			productType = "com.apple.product-type.bundle.ui-testing";
		};
/* End PBXNativeTarget section */

/* Begin PBXProject section */
		8E1F976F1EB106F100153A50 /* Project object */ = {
			isa = PBXProject;
			attributes = {
				LastSwiftUpdateCheck = 0830;
				LastUpgradeCheck = 0830;
				ORGANIZATIONNAME = "Elsiesy Industries";
				TargetAttributes = {
					8E1F97761EB106F100153A50 = {
						CreatedOnToolsVersion = 8.3.2;
						ProvisioningStyle = Automatic;
					};
					8E1F978A1EB106F100153A50 = {
						CreatedOnToolsVersion = 8.3.2;
						ProvisioningStyle = Automatic;
						TestTargetID = 8E1F97761EB106F100153A50;
					};
					8E1F97951EB106F100153A50 = {
						CreatedOnToolsVersion = 8.3.2;
						ProvisioningStyle = Automatic;
						TestTargetID = 8E1F97761EB106F100153A50;
					};
				};
			};
			buildConfigurationList = 8E1F97721EB106F100153A50 /* Build configuration list for PBXProject "course" */;
			compatibilityVersion = "Xcode 3.2";
			developmentRegion = English;
			hasScannedForEncodings = 0;
			knownRegions = (
				en,
				Base,
			);
			mainGroup = 8E1F976E1EB106F100153A50;
			productRefGroup = 8E1F97781EB106F100153A50 /* Products */;
			projectDirPath = "";
			projectRoot = "";
			targets = (
				8E1F97761EB106F100153A50 /* course */,
				8E1F978A1EB106F100153A50 /* courseTests */,
				8E1F97951EB106F100153A50 /* courseUITests */,
			);
		};
/* End PBXProject section */

/* Begin PBXResourcesBuildPhase section */
		8E1F97751EB106F100153A50 /* Resources */ = {
			isa = PBXResourcesBuildPhase;
			buildActionMask = 2147483647;
			files = (
				8E1F97851EB106F100153A50 /* LaunchScreen.storyboard in Resources */,
				8E1F97821EB106F100153A50 /* Assets.xcassets in Resources */,
				8E1F97801EB106F100153A50 /* Main.storyboard in Resources */,
			);
			runOnlyForDeploymentPostprocessing = 0;
		};
		8E1F97891EB106F100153A50 /* Resources */ = {
			isa = PBXResourcesBuildPhase;
			buildActionMask = 2147483647;
			files = (
			);
			runOnlyForDeploymentPostprocessing = 0;
		};
		8E1F97941EB106F100153A50 /* Resources */ = {
			isa = PBXResourcesBuildPhase;
			buildActionMask = 2147483647;
			files = (
			);
			runOnlyForDeploymentPostprocessing = 0;
		};
/* End PBXResourcesBuildPhase section */

/* Begin PBXSourcesBuildPhase section */
		8E1F97731EB106F100153A50 /* Sources */ = {
			isa = PBXSourcesBuildPhase;
			buildActionMask = 2147483647;
			files = (
				8E1F977D1EB106F100153A50 /* ViewController.swift in Sources */,
				8E1F977B1EB106F100153A50 /* AppDelegate.swift in Sources */,
			);
			runOnlyForDeploymentPostprocessing = 0;
		};
		8E1F97871EB106F100153A50 /* Sources */ = {
			isa = PBXSourcesBuildPhase;
			buildActionMask = 2147483647;
			files = (
				8E1F97901EB106F100153A50 /* courseTests.swift in Sources */,
			);
			runOnlyForDeploymentPostprocessing = 0;
		};
		8E1F97921EB106F100153A50 /* Sources */ = {
			isa = PBXSourcesBuildPhase;
			buildActionMask = 2147483647;
			files = (
				8E1F979B1EB106F100153A50 /* courseUITests.swift in Sources */,
			);
			runOnlyForDeploymentPostprocessing = 0;
		};
/* End PBXSourcesBuildPhase section */

/* Begin PBXTargetDependency section */
		8E1F978D1EB106F100153A50 /* PBXTargetDependency */ = {
			isa = PBXTargetDependency;
			target = 8E1F97761EB106F100153A50 /* course */;
			targetProxy = 8E1F978C1EB106F100153A50 /* PBXContainerItemProxy */;
		};
		8E1F97981EB106F100153A50 /* PBXTargetDependency */ = {
			isa = PBXTargetDependency;
			target = 8E1F97761EB106F100153A50 /* course */;
			targetProxy = 8E1F97971EB106F100153A50 /* PBXContainerItemProxy */;
		};
/* End PBXTargetDependency section */

/* Begin PBXVariantGroup section */
		8E1F977E1EB106F100153A50 /* Main.storyboard */ = {
			isa = PBXVariantGroup;
			children = (
				8E1F977F1EB106F100153A50 /* Base */,
			);
			name = Main.storyboard;
			sourceTree = "<group>";
		};
		8E1F97831EB106F100153A50 /* LaunchScreen.storyboard */ = {
			isa = PBXVariantGroup;
			children = (
				8E1F97841EB106F100153A50 /* Base */,
			);
			name = LaunchScreen.storyboard;
			sourceTree = "<group>";
		};
/* End PBXVariantGroup section */

/* Begin XCBuildConfiguration section */
		8E1F979D1EB106F100153A50 /* Debug */ = {
			isa = XCBuildConfiguration;
			buildSettings = {
				ALWAYS_SEARCH_USER_PATHS = NO;
				CLANG_ANALYZER_NONNULL = YES;
				CLANG_ANALYZER_NUMBER_OBJECT_CONVERSION = YES_AGGRESSIVE;
				CLANG_CXX_LANGUAGE_STANDARD = "gnu++0x";
				CLANG_CXX_LIBRARY = "libc++";
				CLANG_ENABLE_MODULES = YES;
				CLANG_ENABLE_OBJC_ARC = YES;
				CLANG_WARN_BOOL_CONVERSION = YES;
				CLANG_WARN_CONSTANT_CONVERSION = YES;
				CLANG_WARN_DIRECT_OBJC_ISA_USAGE = YES_ERROR;
				CLANG_WARN_DOCUMENTATION_COMMENTS = YES;
				CLANG_WARN_EMPTY_BODY = YES;
				CLANG_WARN_ENUM_CONVERSION = YES;
				CLANG_WARN_INFINITE_RECURSION = YES;
				CLANG_WARN_INT_CONVERSION = YES;
				CLANG_WARN_OBJC_ROOT_CLASS = YES_ERROR;
				CLANG_WARN_SUSPICIOUS_MOVE = YES;
				CLANG_WARN_UNREACHABLE_CODE = YES;
				CLANG_WARN__DUPLICATE_METHOD_MATCH = YES;
				"CODE_SIGN_IDENTITY[sdk=iphoneos*]" = "iPhone Developer";
				COPY_PHASE_STRIP = NO;
				DEBUG_INFORMATION_FORMAT = dwarf;
				ENABLE_STRICT_OBJC_MSGSEND = YES;
				ENABLE_TESTABILITY = YES;
				GCC_C_LANGUAGE_STANDARD = gnu99;
				GCC_DYNAMIC_NO_PIC = NO;
				GCC_NO_COMMON_BLOCKS = YES;
				GCC_OPTIMIZATION_LEVEL = 0;
				GCC_PREPROCESSOR_DEFINITIONS = (
					"DEBUG=1",
					"$(inherited)",
				);
				GCC_WARN_64_TO_32_BIT_CONVERSION = YES;
				GCC_WARN_ABOUT_RETURN_TYPE = YES_ERROR;
				GCC_WARN_UNDECLARED_SELECTOR = YES;
				GCC_WARN_UNINITIALIZED_AUTOS = YES_AGGRESSIVE;
				GCC_WARN_UNUSED_FUNCTION = YES;
				GCC_WARN_UNUSED_VARIABLE = YES;
				IPHONEOS_DEPLOYMENT_TARGET = 10.3;
				MTL_ENABLE_DEBUG_INFO = YES;
				ONLY_ACTIVE_ARCH = YES;
				SDKROOT = iphoneos;
				SWIFT_ACTIVE_COMPILATION_CONDITIONS = DEBUG;
				SWIFT_OPTIMIZATION_LEVEL = "-Onone";
				TARGETED_DEVICE_FAMILY = "1,2";
			};
			name = Debug;
		};
		8E1F979E1EB106F100153A50 /* Release */ = {
			isa = XCBuildConfiguration;
			buildSettings = {
				ALWAYS_SEARCH_USER_PATHS = NO;
				CLANG_ANALYZER_NONNULL = YES;
				CLANG_ANALYZER_NUMBER_OBJECT_CONVERSION = YES_AGGRESSIVE;
				CLANG_CXX_LANGUAGE_STANDARD = "gnu++0x";
				CLANG_CXX_LIBRARY = "libc++";
				CLANG_ENABLE_MODULES = YES;
				CLANG_ENABLE_OBJC_ARC = YES;
				CLANG_WARN_BOOL_CONVERSION = YES;
				CLANG_WARN_CONSTANT_CONVERSION = YES;
				CLANG_WARN_DIRECT_OBJC_ISA_USAGE = YES_ERROR;
				CLANG_WARN_DOCUMENTATION_COMMENTS = YES;
				CLANG_WARN_EMPTY_BODY = YES;
				CLANG_WARN_ENUM_CONVERSION = YES;
				CLANG_WARN_INFINITE_RECURSION = YES;
				CLANG_WARN_INT_CONVERSION = YES;
				CLANG_WARN_OBJC_ROOT_CLASS = YES_ERROR;
				CLANG_WARN_SUSPICIOUS_MOVE = YES;
				CLANG_WARN_UNREACHABLE_CODE = YES;
				CLANG_WARN__DUPLICATE_METHOD_MATCH = YES;
				"CODE_SIGN_IDENTITY[sdk=iphoneos*]" = "iPhone Developer";
				COPY_PHASE_STRIP = NO;
				DEBUG_INFORMATION_FORMAT = "dwarf-with-dsym";
				ENABLE_NS_ASSERTIONS = NO;
				ENABLE_STRICT_OBJC_MSGSEND = YES;
				GCC_C_LANGUAGE_STANDARD = gnu99;
				GCC_NO_COMMON_BLOCKS = YES;
				GCC_WARN_64_TO_32_BIT_CONVERSION = YES;
				GCC_WARN_ABOUT_RETURN_TYPE = YES_ERROR;
				GCC_WARN_UNDECLARED_SELECTOR = YES;
				GCC_WARN_UNINITIALIZED_AUTOS = YES_AGGRESSIVE;
				GCC_WARN_UNUSED_FUNCTION = YES;
				GCC_WARN_UNUSED_VARIABLE = YES;
				IPHONEOS_DEPLOYMENT_TARGET = 10.3;
				MTL_ENABLE_DEBUG_INFO = NO;
				SDKROOT = iphoneos;
				SWIFT_OPTIMIZATION_LEVEL = "-Owholemodule";
				TARGETED_DEVICE_FAMILY = "1,2";
				VALIDATE_PRODUCT = YES;
			};
			name = Release;
		};
		8E1F97A01EB106F100153A50 /* Debug */ = {
			isa = XCBuildConfiguration;
			buildSettings = {
				ASSETCATALOG_COMPILER_APPICON_NAME = AppIcon;
				INFOPLIST_FILE = course/Info.plist;
				LD_RUNPATH_SEARCH_PATHS = "$(inherited) @executable_path/Frameworks";
				PRODUCT_BUNDLE_IDENTIFIER = "Elsiesy-Inc.course";
				PRODUCT_NAME = "$(TARGET_NAME)";
				SWIFT_VERSION = 3.0;
			};
			name = Debug;
		};
		8E1F97A11EB106F100153A50 /* Release */ = {
			isa = XCBuildConfiguration;
			buildSettings = {
				ASSETCATALOG_COMPILER_APPICON_NAME = AppIcon;
				INFOPLIST_FILE = course/Info.plist;
				LD_RUNPATH_SEARCH_PATHS = "$(inherited) @executable_path/Frameworks";
				PRODUCT_BUNDLE_IDENTIFIER = "Elsiesy-Inc.course";
				PRODUCT_NAME = "$(TARGET_NAME)";
				SWIFT_VERSION = 3.0;
			};
			name = Release;
		};
		8E1F97A31EB106F100153A50 /* Debug */ = {
			isa = XCBuildConfiguration;
			buildSettings = {
				ALWAYS_EMBED_SWIFT_STANDARD_LIBRARIES = YES;
				BUNDLE_LOADER = "$(TEST_HOST)";
				INFOPLIST_FILE = courseTests/Info.plist;
				LD_RUNPATH_SEARCH_PATHS = "$(inherited) @executable_path/Frameworks @loader_path/Frameworks";
				PRODUCT_BUNDLE_IDENTIFIER = "Elsiesy-Inc.courseTests";
				PRODUCT_NAME = "$(TARGET_NAME)";
				SWIFT_VERSION = 3.0;
				TEST_HOST = "$(BUILT_PRODUCTS_DIR)/course.app/course";
			};
			name = Debug;
		};
		8E1F97A41EB106F100153A50 /* Release */ = {
			isa = XCBuildConfiguration;
			buildSettings = {
				ALWAYS_EMBED_SWIFT_STANDARD_LIBRARIES = YES;
				BUNDLE_LOADER = "$(TEST_HOST)";
				INFOPLIST_FILE = courseTests/Info.plist;
				LD_RUNPATH_SEARCH_PATHS = "$(inherited) @executable_path/Frameworks @loader_path/Frameworks";
				PRODUCT_BUNDLE_IDENTIFIER = "Elsiesy-Inc.courseTests";
				PRODUCT_NAME = "$(TARGET_NAME)";
				SWIFT_VERSION = 3.0;
				TEST_HOST = "$(BUILT_PRODUCTS_DIR)/course.app/course";
			};
			name = Release;
		};
		8E1F97A61EB106F100153A50 /* Debug */ = {
			isa = XCBuildConfiguration;
			buildSettings = {
				ALWAYS_EMBED_SWIFT_STANDARD_LIBRARIES = YES;
				INFOPLIST_FILE = courseUITests/Info.plist;
				LD_RUNPATH_SEARCH_PATHS = "$(inherited) @executable_path/Frameworks @loader_path/Frameworks";
				PRODUCT_BUNDLE_IDENTIFIER = "Elsiesy-Inc.courseUITests";
				PRODUCT_NAME = "$(TARGET_NAME)";
				SWIFT_VERSION = 3.0;
				TEST_TARGET_NAME = course;
			};
			name = Debug;
		};
		8E1F97A71EB106F100153A50 /* Release */ = {
			isa = XCBuildConfiguration;
			buildSettings = {
				ALWAYS_EMBED_SWIFT_STANDARD_LIBRARIES = YES;
				INFOPLIST_FILE = courseUITests/Info.plist;
				LD_RUNPATH_SEARCH_PATHS = "$(inherited) @executable_path/Frameworks @loader_path/Frameworks";
				PRODUCT_BUNDLE_IDENTIFIER = "Elsiesy-Inc.courseUITests";
				PRODUCT_NAME = "$(TARGET_NAME)";
				SWIFT_VERSION = 3.0;
				TEST_TARGET_NAME = course;
			};
			name = Release;
		};
/* End XCBuildConfiguration section */

/* Begin XCConfigurationList section */
		8E1F97721EB106F100153A50 /* Build configuration list for PBXProject "course" */ = {
			isa = XCConfigurationList;
			buildConfigurations = (
				8E1F979D1EB106F100153A50 /* Debug */,
				8E1F979E1EB106F100153A50 /* Release */,
			);
			defaultConfigurationIsVisible = 0;
			defaultConfigurationName = Release;
		};
		8E1F979F1EB106F100153A50 /* Build configuration list for PBXNativeTarget "course" */ = {
			isa = XCConfigurationList;
			buildConfigurations = (
				8E1F97A01EB106F100153A50 /* Debug */,
				8E1F97A11EB106F100153A50 /* Release */,
			);
			defaultConfigurationIsVisible = 0;
		};
		8E1F97A21EB106F100153A50 /* Build configuration list for PBXNativeTarget "courseTests" */ = {
			isa = XCConfigurationList;
			buildConfigurations = (
				8E1F97A31EB106F100153A50 /* Debug */,
				8E1F97A41EB106F100153A50 /* Release */,
			);
			defaultConfigurationIsVisible = 0;
		};
		8E1F97A51EB106F100153A50 /* Build configuration list for PBXNativeTarget "courseUITests" */ = {
			isa = XCConfigurationList;
			buildConfigurations = (
				8E1F97A61EB106F100153A50 /* Debug */,
				8E1F97A71EB106F100153A50 /* Release */,
			);
			defaultConfigurationIsVisible = 0;
		};
/* End XCConfigurationList section */
	};
	rootObject = 8E1F976F1EB106F100153A50 /* Project object */;
}
